
Microsoft Visual Studio Solution File, Format Version 12.00
# Visual Studio 15
VisualStudioVersion = 15.0.28307.271
MinimumVisualStudioVersion = 10.0.40219.1
Project("{FAE04EC0-301F-11D3-BF4B-00C04F79EFBC}") = "Deliverable 2_Iterative Statement", "Deliverable 2_Iterative Statement\Deliverable 2_Iterative Statement.csproj", "{15751C0E-76BE-46F2-9E23-E93ED7DD7FDB}"
EndProject
Global
	GlobalSection(SolutionConfigurationPlatforms) = preSolution
		Debug|Any CPU = Debug|Any CPU
		Release|Any CPU = Release|Any CPU
	EndGlobalSection
	GlobalSection(ProjectConfigurationPlatforms) = postSolution
		{15751C0E-76BE-46F2-9E23-E93ED7DD7FDB}.Debug|Any CPU.ActiveCfg = Debug|Any CPU
		{15751C0E-76BE-46F2-9E23-E93ED7DD7FDB}.Debug|Any CPU.Build.0 = Debug|Any CPU
		{15751C0E-76BE-46F2-9E23-E93ED7DD7FDB}.Release|Any CPU.ActiveCfg = Release|Any CPU
		{15751C0E-76BE-46F2-9E23-E93ED7DD7FDB}.Release|Any CPU.Build.0 = Release|Any CPU
	EndGlobalSection
	GlobalSection(SolutionProperties) = preSolution
		HideSolutionNode = FALSE
	EndGlobalSection
	GlobalSection(ExtensibilityGlobals) = postSolution
		SolutionGuid = {BDB45167-395D-426A-9E05-FFA2FE21FBFF}
	EndGlobalSection
EndGlobal
